// !$*UTF8*$!
{
	archiveVersion = 1;
	classes = {
	};
	objectVersion = 56;
	objects = {

/* BEGIN PBXBuildFile section */
		75E6C9F92850982500000000 /* iosApp.swift in Sources */ = {isa = PBXBuildFile; fileRef = 75E6C9F82850982500000000 /* iosApp.swift */; };
		75E6C9FB2850982500000000 /* ContentView.swift in Sources */ = {isa = PBXBuildFile; fileRef = 75E6C9FA2850982500000000 /* ContentView.swift */; };
		75E6C9FD2850982700000000 /* Assets.xcassets in Resources */ = {isa = PBXBuildFile; fileRef = 75E6C9FC2850982700000000 /* Assets.xcassets */; };
/* END PBXBuildFile section */

/* BEGIN PBXFileReference section */
		75E6C9F52850982500000000 /* iosApp.app */ = {isa = PBXFileReference; includeInIndex = 0; baseAddress = 0; explicitFileType = wrapper.application; path = iosApp.app; sourceTree = BUILT_PRODUCTS_DIR; };
		75E6C9F82850982500000000 /* iosApp.swift */ = {isa = PBXFileReference; lastKnownFileType = sourcecode.swift; path = iosApp.swift; sourceTree = "<group>"; };
		75E6C9FA2850982500000000 /* ContentView.swift */ = {isa = PBXFileReference; lastKnownFileType = sourcecode.swift; path = ContentView.swift; sourceTree = "<group>"; };
		75E6C9FC2850982700000000 /* Assets.xcassets */ = {isa = PBXFileReference; lastKnownFileType = folder.assetcatalog; path = Assets.xcassets; sourceTree = "<group>"; };
/* END PBXFileReference section */

/* BEGIN PBXFrameworksBuildPhase section */
		75E6C9F22850982500000000 /* Frameworks */ = {
			isa = PBXFrameworksBuildPhase;
			buildActionMask = 2147483647;
			files = (
			);
			runOnlyForDeploymentPostprocessing = 0;
		};
/* END PBXFrameworksBuildPhase section */

/* BEGIN PBXGroup section */
		75E6C9EC2850982500000000 = {
			isa = PBXGroup;
			children = (
				75E6C9F72850982500000000 /* iosApp */,
				75E6C9F62850982500000000 /* Products */,
			);
			sourceTree = "<group>";
		};
		75E6C9F62850982500000000 /* Products */ = {
			isa = PBXGroup;
			children = (
				75E6C9F52850982500000000 /* iosApp.app */,
			);
			name = Products;
			sourceTree = "<group>";
		};
		75E6C9F72850982500000000 /* iosApp */ = {
			isa = PBXGroup;
			children = (
				75E6C9F82850982500000000 /* iosApp.swift */,
				75E6C9FA2850982500000000 /* ContentView.swift */,
				75E6C9FC2850982700000000 /* Assets.xcassets */,
			);
			path = iosApp;
			sourceTree = "<group>";
		};
/* END PBXGroup section */

/* BEGIN PBXNativeTarget section */
		75E6C9F42850982500000000 /* iosApp */ = {
			isa = PBXNativeTarget;
			buildConfigurationList = 75E6CA002850982700000000 /* Build configuration list for PBXNativeTarget "iosApp" */;
			buildPhases = (
				75E6F232285102F400000000 /* ShellScript */,
				75E6C9F12850982500000000 /* Sources */,
				75E6C9F22850982500000000 /* Frameworks */,
				75E6C9F32850982500000000 /* Resources */,
			);
			buildRules = (
			);
			dependencies = (
			);
			name = iosApp;
			productName = iosApp;
			productReference = 75E6C9F52850982500000000 /* iosApp.app */;
			productType = "com.apple.product-type.application";
		};
/* END PBXNativeTarget section */

/* BEGIN PBXProject section */
		75E6C9ED2850982500000000 /* Project object */ = {
			isa = PBXProject;
			attributes = {
				BuildIndependentTargetsInParallel = 1;
				LastSwiftUpdateCheck = 1340;
				LastUpgradeCheck = 1340;
				TargetAttributes = {
					75E6C9F42850982500000000 = {
						CreatedOnToolsVersion = 13.4.1;
					};
				};
			};
			buildConfigurationList = 75E6C9F02850982500000000 /* Build configuration list for PBXProject "iosApp" */;
			compatibilityVersion = "Xcode 13.0";
			developmentRegion = en;
			hasScannedForEncodings = 0;
			knownRegions = (
				en,
				Base,
			);
			mainGroup = 75E6C9EC2850982500000000;
			productRefGroup = 75E6C9F62850982500000000 /* Products */;
			projectDirPath = "";
			projectRoot = "";
			targets = (
				75E6C9F42850982500000000 /* iosApp */,
			);
		};
/* END PBXProject section */

/* BEGIN PBXResourcesBuildPhase section */
		75E6C9F32850982500000000 /* Resources */ = {
			isa = PBXResourcesBuildPhase;
			buildActionMask = 2147483647;
			files = (
				75E6C9FD2850982700000000 /* Assets.xcassets in Resources */,
			);
			runOnlyForDeploymentPostprocessing = 0;
		};
/* END PBXResourcesBuildPhase section */

/* BEGIN PBXShellScriptBuildPhase section */
		75E6F232285102F400000000 /* ShellScript */ = {
			isa = PBXShellScriptBuildPhase;
			buildActionMask = 2147483647;
			files = (
			);
			inputFileListPaths = (
			);
			inputPaths = (
			);
			name = ShellScript;
			outputFileListPaths = (
			);
			outputPaths = (
			);
			runOnlyForDeploymentPostprocessing = 0;
			shellPath = /bin/sh;
			shellScript = "cd \"$SRCROOT/..\"\n./gradlew :composeApp:embedAndSignAppleFrameworkForXcode";
		};
/* END PBXShellScriptBuildPhase section */

/* BEGIN PBXSourcesBuildPhase section */
		75E6C9F12850982500000000 /* Sources */ = {
			isa = PBXSourcesBuildPhase;
			buildActionMask = 2147483647;
			files = (
				75E6C9F92850982500000000 /* iosApp.swift in Sources */,
				75E6C9FB2850982500000000 /* ContentView.swift in Sources */,
			);
			runOnlyForDeploymentPostprocessing = 0;
		};
/* END PBXSourcesBuildPhase section */

/* BEGIN XCBuildConfiguration section */
		75E6C9FE2850982700000000 /* Debug */ = {
			isa = XCBuildConfiguration;
			buildSettings = {
				ALWAYS_SEARCH_USER_PATHS = NO;
				CLANG_ANALYZER_NONNULL = YES;
				CLANG_ANALYZER_NUMBER_OBJECT_CONVERSION = YES_AGGRESSIVE;
				CLANG_CXX_LANGUAGE_STANDARD = "gnu++17";
				CLANG_ENABLE_MODULES = YES;
				CLANG_ENABLE_OBJC_ARC = YES;
				CLANG_ENABLE_OBJC_WEAK = YES;
				COPY_PHASE_STRIP = NO;
				DEBUG_INFORMATION_FORMAT = dwarf;
				ENABLE_STRICT_OBJC_MSGSEND = YES;
				ENABLE_TESTABILITY = YES;
				GCC_C_LANGUAGE_STANDARD = gnu11;
				GCC_DYNAMIC_NO_PIC = NO;
				GCC_NO_COMMON_BLOCKS = YES;
				GCC_OPTIMIZATION_LEVEL = 0;
				GCC_PREPROCESSOR_DEFINITIONS = (
					"DEBUG=1",
					"$(inherited)",
				);
				GCC_WARN_64_TO_32_BIT_CONVERSION = YES;
				GCC_WARN_ABOUT_RETURN_TYPE = YES_AGGRESSIVE;
				GCC_WARN_UNDECLARED_SELECTOR = YES;
				GCC_WARN_UNINITIALIZED_AUTOS = YES_AGGRESSIVE;
				GCC_WARN_UNUSED_FUNCTION = YES;
				GCC_WARN_UNUSED_VARIABLE = YES;
				IPHONEOS_DEPLOYMENT_TARGET = 15.0;
				MTL_ENABLE_DEBUG_INFO = INCLUDE_SOURCE;
				MTL_FAST_MATH = YES;
				ONLY_ACTIVE_ARCH = YES;
				SDKROOT = iphoneos;
				SWIFT_ACTIVE_COMPILATION_CONDITIONS = DEBUG;
				SWIFT_OPTIMIZATION_LEVEL = "-Onone";
			};
			name = Debug;
		};
		75E6C9FF2850982700000000 /* Release */ = {
			isa = XCBuildConfiguration;
			buildSettings = {
				ALWAYS_SEARCH_USER_PATHS = NO;
				CLANG_ANALYZER_NONNULL = YES;
				CLANG_ANALYZER_NUMBER_OBJECT_CONVERSION = YES_AGGRESSIVE;
				CLANG_CXX_LANGUAGE_STANDARD = "gnu++17";
				CLANG_ENABLE_MODULES = YES;
				CLANG_ENABLE_OBJC_ARC = YES;
				CLANG_ENABLE_OBJC_WEAK = YES;
				COPY_PHASE_STRIP = NO;
				DEBUG_INFORMATION_FORMAT = "dwarf-with-dsym";
				ENABLE_NS_ASSERTIONS = NO;
				ENABLE_STRICT_OBJC_MSGSEND = YES;
				GCC_C_LANGUAGE_STANDARD = gnu11;
				GCC_NO_COMMON_BLOCKS = YES;
				GCC_WARN_64_TO_32_BIT_CONVERSION = YES;
				GCC_WARN_ABOUT_RETURN_TYPE = YES_AGGRESSIVE;
				GCC_WARN_UNDECLARED_SELECTOR = YES;
				GCC_WARN_UNINITIALIZED_AUTOS = YES_AGGRESSIVE;
				GCC_WARN_UNUSED_FUNCTION = YES;
				GCC_WARN_UNUSED_VARIABLE = YES;
				IPHONEOS_DEPLOYMENT_TARGET = 15.0;
				MTL_ENABLE_DEBUG_INFO = NO;
				MTL_FAST_MATH = YES;
				SDKROOT = iphoneos;
				SWIFT_COMPILATION_MODE = wholemodule;
				SWIFT_OPTIMIZATION_LEVEL = "-O";
				VALIDATE_PRODUCT = YES;
			};
			name = Release;
		};
		75E6CA012850982700000000 /* Debug */ = {
			isa = XCBuildConfiguration;
			buildSettings = {
				ASSETCATALOG_COMPILER_APPICON_NAME = AppIcon;
				ASSETCATALOG_COMPILER_GLOBAL_ACCENT_COLOR_NAME = AccentColor;
				CODE_SIGN_STYLE = Automatic;
				CURRENT_PROJECT_VERSION = 1;
				GENERATE_INFOPLIST_FILE = YES;
				INFOPLIST_KEY_CFBundleDisplayName = "Bảo vệ rừng";
				INFOPLIST_KEY_NSCameraUsageDescription = "Ứng dụng cần dùng camera để chụp ảnh hiện trường có đóng dấu tọa độ.";
				INFOPLIST_KEY_NSLocationWhenInUseUsageDescription = "Ứng dụng cần truy cập vị trí để xác định tọa độ tuần tra rừng.";
				INFOPLIST_KEY_UIApplicationSceneManifest_Generation = YES;
				INFOPLIST_KEY_UILaunchScreen_Generation = YES;
				LD_RUNPATH_SEARCH_PATHS = (
					"$(inherited)",
					"@executable_path/Frameworks",
				);
				MARKETING_VERSION = 1.0;
				PRODUCT_BUNDLE_IDENTIFIER = com.baoverung.app.iosApp;
				PRODUCT_NAME = "$(TARGET_NAME)";
				SWIFT_EMIT_LOC_STRINGS = YES;
				SWIFT_VERSION = 5.0;
				TARGETED_DEVICE_FAMILY = "1,2";
				FRAMEWORK_SEARCH_PATHS = (
				    "$(inherited)",
				    "$(SRCROOT)/../composeApp/build/xcode-frameworks/$(CONFIGURATION)/$(SDK_NAME)",
				);
			};
			name = Debug;
		};
		75E6CA022850982700000000 /* Release */ = {
			isa = XCBuildConfiguration;
			buildSettings = {
				ASSETCATALOG_COMPILER_APPICON_NAME = AppIcon;
				ASSETCATALOG_COMPILER_GLOBAL_ACCENT_COLOR_NAME = AccentColor;
				CODE_SIGN_STYLE = Automatic;
				CURRENT_PROJECT_VERSION = 1;
				GENERATE_INFOPLIST_FILE = YES;
				INFOPLIST_KEY_CFBundleDisplayName = "Bảo vệ rừng";
				INFOPLIST_KEY_NSCameraUsageDescription = "Ứng dụng cần dùng camera để chụp ảnh hiện trường có đóng dấu tọa độ.";
				INFOPLIST_KEY_NSLocationWhenInUseUsageDescription = "Ứng dụng cần truy cập vị trí để xác định tọa độ tuần tra rừng.";
				INFOPLIST_KEY_UIApplicationSceneManifest_Generation = YES;
				INFOPLIST_KEY_UILaunchScreen_Generation = YES;
				LD_RUNPATH_SEARCH_PATHS = (
					"$(inherited)",
					"@executable_path/Frameworks",
				);
				MARKETING_VERSION = 1.0;
				PRODUCT_BUNDLE_IDENTIFIER = com.baoverung.app.iosApp;
				PRODUCT_NAME = "$(TARGET_NAME)";
				SWIFT_EMIT_LOC_STRINGS = YES;
				SWIFT_VERSION = 5.0;
				TARGETED_DEVICE_FAMILY = "1,2";
				FRAMEWORK_SEARCH_PATHS = (
				    "$(inherited)",
				    "$(SRCROOT)/../composeApp/build/xcode-frameworks/$(CONFIGURATION)/$(SDK_NAME)",
				);
			};
			name = Release;
		};
/* END XCBuildConfiguration section */

/* BEGIN XCConfigurationList section */
		75E6C9F02850982500000000 /* Build configuration list for PBXProject "iosApp" */ = {
			isa = XCConfigurationList;
			buildConfigurations = (
				75E6C9FE2850982700000000 /* Debug */,
				75E6C9FF2850982700000000 /* Release */,
			);
			defaultConfigurationIsVisible = 0;
			defaultConfigurationName = Release;
		};
		75E6CA002850982700000000 /* Build configuration list for PBXNativeTarget "iosApp" */ = {
			isa = XCConfigurationList;
			buildConfigurations = (
				75E6CA012850982700000000 /* Debug */,
				75E6CA022850982700000000 /* Release */,
			);
			defaultConfigurationIsVisible = 0;
			defaultConfigurationName = Release;
		};
/* END XCConfigurationList section */
	};
	rootObject = 75E6C9ED2850982500000000 /* Project object */;
}
